
Microsoft Visual Studio Solution File, Format Version 12.00
# Visual Studio Version 17
VisualStudioVersion = 17.13.35806.99
MinimumVisualStudioVersion = 10.0.40219.1
Project("{FAE04EC0-301F-11D3-BF4B-00C04F79EFBC}") = "GUIADMIN", "GUIADMIN\GUIADMIN.csproj", "{D3067771-2209-43DF-B74A-D80CE602297B}"
EndProject
Project("{FAE04EC0-301F-11D3-BF4B-00C04F79EFBC}") = "GUITIENDA", "GUITIENDA\GUITIENDA.csproj", "{8996F764-2EDE-4E65-A25F-FFF202ABDD51}"
EndProject
Project("{FAE04EC0-301F-11D3-BF4B-00C04F79EFBC}") = "DAL", "DAL\DAL.csproj", "{29D06C64-C99F-44AD-9A5E-C0804696006C}"
EndProject
Project("{FAE04EC0-301F-11D3-BF4B-00C04F79EFBC}") = "Entity", "Entity\Entity.csproj", "{B46BCE45-51C0-4C32-AD11-A19C9498AEB0}"
EndProject
Project("{FAE04EC0-301F-11D3-BF4B-00C04F79EFBC}") = "BOL", "BOL\BOL.csproj", "{5D20A10D-8051-4BE1-AD9F-FB81C2C5026B}"
EndProject
Global
	GlobalSection(SolutionConfigurationPlatforms) = preSolution
		Debug|Any CPU = Debug|Any CPU
		Release|Any CPU = Release|Any CPU
	EndGlobalSection
	GlobalSection(ProjectConfigurationPlatforms) = postSolution
		{D3067771-2209-43DF-B74A-D80CE602297B}.Debug|Any CPU.ActiveCfg = Debug|Any CPU
		{D3067771-2209-43DF-B74A-D80CE602297B}.Debug|Any CPU.Build.0 = Debug|Any CPU
		{D3067771-2209-43DF-B74A-D80CE602297B}.Release|Any CPU.ActiveCfg = Release|Any CPU
		{D3067771-2209-43DF-B74A-D80CE602297B}.Release|Any CPU.Build.0 = Release|Any CPU
		{8996F764-2EDE-4E65-A25F-FFF202ABDD51}.Debug|Any CPU.ActiveCfg = Debug|Any CPU
		{8996F764-2EDE-4E65-A25F-FFF202ABDD51}.Debug|Any CPU.Build.0 = Debug|Any CPU
		{8996F764-2EDE-4E65-A25F-FFF202ABDD51}.Release|Any CPU.ActiveCfg = Release|Any CPU
		{8996F764-2EDE-4E65-A25F-FFF202ABDD51}.Release|Any CPU.Build.0 = Release|Any CPU
		{29D06C64-C99F-44AD-9A5E-C0804696006C}.Debug|Any CPU.ActiveCfg = Debug|Any CPU
		{29D06C64-C99F-44AD-9A5E-C0804696006C}.Debug|Any CPU.Build.0 = Debug|Any CPU
		{29D06C64-C99F-44AD-9A5E-C0804696006C}.Release|Any CPU.ActiveCfg = Release|Any CPU
		{29D06C64-C99F-44AD-9A5E-C0804696006C}.Release|Any CPU.Build.0 = Release|Any CPU
		{B46BCE45-51C0-4C32-AD11-A19C9498AEB0}.Debug|Any CPU.ActiveCfg = Debug|Any CPU
		{B46BCE45-51C0-4C32-AD11-A19C9498AEB0}.Debug|Any CPU.Build.0 = Debug|Any CPU
		{B46BCE45-51C0-4C32-AD11-A19C9498AEB0}.Release|Any CPU.ActiveCfg = Release|Any CPU
		{B46BCE45-51C0-4C32-AD11-A19C9498AEB0}.Release|Any CPU.Build.0 = Release|Any CPU
		{5D20A10D-8051-4BE1-AD9F-FB81C2C5026B}.Debug|Any CPU.ActiveCfg = Debug|Any CPU
		{5D20A10D-8051-4BE1-AD9F-FB81C2C5026B}.Debug|Any CPU.Build.0 = Debug|Any CPU
		{5D20A10D-8051-4BE1-AD9F-FB81C2C5026B}.Release|Any CPU.ActiveCfg = Release|Any CPU
		{5D20A10D-8051-4BE1-AD9F-FB81C2C5026B}.Release|Any CPU.Build.0 = Release|Any CPU
	EndGlobalSection
	GlobalSection(SolutionProperties) = preSolution
		HideSolutionNode = FALSE
	EndGlobalSection
	GlobalSection(ExtensibilityGlobals) = postSolution
		SolutionGuid = {744C83DA-8470-47E4-98A4-59299AB183D3}
	EndGlobalSection
EndGlobal
